// !$*UTF8*$!
{
	archiveVersion = 1;
	classes = {
	};
	objectVersion = 51;
	objects = {

/* Begin PBXBuildFile section */
		EC0B93692527157900DFB162 /* VKParsingHelper.swift in Sources */ = {isa = PBXBuildFile; fileRef = EC0B93682527157900DFB162 /* VKParsingHelper.swift */; };
		EC23F5FF24A8A7A9000E1DDF /* likeControl.swift in Sources */ = {isa = PBXBuildFile; fileRef = EC23F5FE24A8A7A9000E1DDF /* likeControl.swift */; };
		EC28D8832499105D0027AB6C /* AppDelegate.swift in Sources */ = {isa = PBXBuildFile; fileRef = EC28D8822499105D0027AB6C /* AppDelegate.swift */; };
		EC28D8872499105D0027AB6C /* LoginFormController.swift in Sources */ = {isa = PBXBuildFile; fileRef = EC28D8862499105D0027AB6C /* LoginFormController.swift */; };
		EC28D88A2499105D0027AB6C /* Main.storyboard in Resources */ = {isa = PBXBuildFile; fileRef = EC28D8882499105D0027AB6C /* Main.storyboard */; };
		EC28D88C2499105E0027AB6C /* Assets.xcassets in Resources */ = {isa = PBXBuildFile; fileRef = EC28D88B2499105E0027AB6C /* Assets.xcassets */; };
		EC28D88F2499105E0027AB6C /* LaunchScreen.storyboard in Resources */ = {isa = PBXBuildFile; fileRef = EC28D88D2499105E0027AB6C /* LaunchScreen.storyboard */; };
		EC36FB452520AD27003397CD /* ExLoginViewController.swift in Sources */ = {isa = PBXBuildFile; fileRef = EC36FB442520AD27003397CD /* ExLoginViewController.swift */; };
		EC36FB4A2520B63B003397CD /* VKSet.swift in Sources */ = {isa = PBXBuildFile; fileRef = EC36FB492520B63B003397CD /* VKSet.swift */; };
		EC4ED84C24A24C59003BE15A /* AvatarView.swift in Sources */ = {isa = PBXBuildFile; fileRef = EC4ED84B24A24C59003BE15A /* AvatarView.swift */; };
		EC56272F251BCA7F00E87F24 /* Session.swift in Sources */ = {isa = PBXBuildFile; fileRef = EC56272E251BCA7F00E87F24 /* Session.swift */; };
		EC5A578F249EA1C900DB032E /* UserGroupsController.swift in Sources */ = {isa = PBXBuildFile; fileRef = EC5A578E249EA1C900DB032E /* UserGroupsController.swift */; };
		EC5A5791249EA21F00DB032E /* GroupsCell.swift in Sources */ = {isa = PBXBuildFile; fileRef = EC5A5790249EA21F00DB032E /* GroupsCell.swift */; };
		EC5A5793249EA4A600DB032E /* AllGroupController.swift in Sources */ = {isa = PBXBuildFile; fileRef = EC5A5792249EA4A600DB032E /* AllGroupController.swift */; };
		EC71DB062529E35D00937F03 /* CoreDataModel.xcdatamodeld in Sources */ = {isa = PBXBuildFile; fileRef = EC71DB042529E35D00937F03 /* CoreDataModel.xcdatamodeld */; };
		EC71DB0A2529E39300937F03 /* CoreData.swift in Sources */ = {isa = PBXBuildFile; fileRef = EC71DB092529E39300937F03 /* CoreData.swift */; };
		EC71DB352529EA6B00937F03 /* User+CoreDataClass.swift in Sources */ = {isa = PBXBuildFile; fileRef = EC71DB2F2529EA6B00937F03 /* User+CoreDataClass.swift */; };
		EC71DB362529EA6B00937F03 /* User+CoreDataProperties.swift in Sources */ = {isa = PBXBuildFile; fileRef = EC71DB302529EA6B00937F03 /* User+CoreDataProperties.swift */; };
		EC71DB372529EA6B00937F03 /* Group+CoreDataClass.swift in Sources */ = {isa = PBXBuildFile; fileRef = EC71DB312529EA6B00937F03 /* Group+CoreDataClass.swift */; };
		EC71DB382529EA6B00937F03 /* Group+CoreDataProperties.swift in Sources */ = {isa = PBXBuildFile; fileRef = EC71DB322529EA6B00937F03 /* Group+CoreDataProperties.swift */; };
		EC71DB392529EA6B00937F03 /* Photo+CoreDataClass.swift in Sources */ = {isa = PBXBuildFile; fileRef = EC71DB332529EA6B00937F03 /* Photo+CoreDataClass.swift */; };
		EC71DB3A2529EA6B00937F03 /* Photo+CoreDataProperties.swift in Sources */ = {isa = PBXBuildFile; fileRef = EC71DB342529EA6B00937F03 /* Photo+CoreDataProperties.swift */; };
		EC71DB3E2529F15100937F03 /* CDUserService.swift in Sources */ = {isa = PBXBuildFile; fileRef = EC71DB3D2529F15100937F03 /* CDUserService.swift */; };
		EC71DB41252A16F200937F03 /* CDGroupService.swift in Sources */ = {isa = PBXBuildFile; fileRef = EC71DB40252A16F200937F03 /* CDGroupService.swift */; };
		EC75C1C22520CB4F00E59611 /* Setting.swift in Sources */ = {isa = PBXBuildFile; fileRef = EC75C1C12520CB4F00E59611 /* Setting.swift */; };
		EC88E09925370A9400A6F609 /* RealmSetting.swift in Sources */ = {isa = PBXBuildFile; fileRef = EC88E09825370A9400A6F609 /* RealmSetting.swift */; };
		EC9C6890252CC9890013AA68 /* Photo.swift in Sources */ = {isa = PBXBuildFile; fileRef = EC9C688F252CC9890013AA68 /* Photo.swift */; };
		ECA4C9BE2652CA64004FA05F /* ViewController.swift in Sources */ = {isa = PBXBuildFile; fileRef = ECA4C9BD2652CA64004FA05F /* ViewController.swift */; };
		ECA6D8952555A06D00B09BB7 /* SourseData.swift in Sources */ = {isa = PBXBuildFile; fileRef = ECA6D8942555A06D00B09BB7 /* SourseData.swift */; };
		ECB32F6D2552DDA50084CE57 /* NewsService.swift in Sources */ = {isa = PBXBuildFile; fileRef = ECB32F6C2552DDA50084CE57 /* NewsService.swift */; };
		ECB56A9E25518F99005F7548 /* NewsPostCell.swift in Sources */ = {isa = PBXBuildFile; fileRef = ECB56A9D25518F99005F7548 /* NewsPostCell.swift */; };
		ECB56AA125519172005F7548 /* PhotoNews.swift in Sources */ = {isa = PBXBuildFile; fileRef = ECB56AA025519172005F7548 /* PhotoNews.swift */; };
		ECB56AA425519529005F7548 /* PostNews.swift in Sources */ = {isa = PBXBuildFile; fileRef = ECB56AA325519529005F7548 /* PostNews.swift */; };
		ECB63A2525332C6A00C4A742 /* RUser.swift in Sources */ = {isa = PBXBuildFile; fileRef = ECB63A2425332C6A00C4A742 /* RUser.swift */; };
		ECB63A282533351500C4A742 /* RUserService.swift in Sources */ = {isa = PBXBuildFile; fileRef = ECB63A272533351500C4A742 /* RUserService.swift */; };
		ECB63A2B2533353900C4A742 /* DBServiceInterface.swift in Sources */ = {isa = PBXBuildFile; fileRef = ECB63A2A2533353900C4A742 /* DBServiceInterface.swift */; };
		ECB63A2F2533404500C4A742 /* RGroup.swift in Sources */ = {isa = PBXBuildFile; fileRef = ECB63A2E2533404500C4A742 /* RGroup.swift */; };
		ECB63A332533473300C4A742 /* RGroupService.swift in Sources */ = {isa = PBXBuildFile; fileRef = ECB63A322533473300C4A742 /* RGroupService.swift */; };
		ECB63A38253362DF00C4A742 /* RPhoto.swift in Sources */ = {isa = PBXBuildFile; fileRef = ECB63A37253362DF00C4A742 /* RPhoto.swift */; };
		ECB63A3B2533639200C4A742 /* RPhotoService.swift in Sources */ = {isa = PBXBuildFile; fileRef = ECB63A3A2533639200C4A742 /* RPhotoService.swift */; };
		ECBA00E22522080100F24F3A /* LoginService.swift in Sources */ = {isa = PBXBuildFile; fileRef = ECBA00E12522080100F24F3A /* LoginService.swift */; };
		ECBA00E625220EBE00F24F3A /* FriendService.swift in Sources */ = {isa = PBXBuildFile; fileRef = ECBA00E525220EBE00F24F3A /* FriendService.swift */; };
		ECBA00EB2522100900F24F3A /* PhotoService.swift in Sources */ = {isa = PBXBuildFile; fileRef = ECBA00EA2522100900F24F3A /* PhotoService.swift */; };
		ECBA00EF252210C400F24F3A /* GroupService.swift in Sources */ = {isa = PBXBuildFile; fileRef = ECBA00EE252210C400F24F3A /* GroupService.swift */; };
		ECD3461F2524C8CE0080259C /* ExUIImage.swift in Sources */ = {isa = PBXBuildFile; fileRef = ECD3461E2524C8CE0080259C /* ExUIImage.swift */; };
		ECE49ED1251603B40023FB2F /* News.swift in Sources */ = {isa = PBXBuildFile; fileRef = ECE49ED0251603B40023FB2F /* News.swift */; };
		ECE49ED3251607390023FB2F /* LoremExtension.swift in Sources */ = {isa = PBXBuildFile; fileRef = ECE49ED2251607390023FB2F /* LoremExtension.swift */; };
		ECE49ED5251607A30023FB2F /* Lorem.swift in Sources */ = {isa = PBXBuildFile; fileRef = ECE49ED4251607A30023FB2F /* Lorem.swift */; };
		ECE49ED72516136C0023FB2F /* User.swift in Sources */ = {isa = PBXBuildFile; fileRef = ECE49ED62516136C0023FB2F /* User.swift */; };
		ECE49EDA251624A50023FB2F /* NewsViewController.swift in Sources */ = {isa = PBXBuildFile; fileRef = ECE49ED9251624A50023FB2F /* NewsViewController.swift */; };
		ECE49EDC251624C50023FB2F /* NewsPhotoCell.swift in Sources */ = {isa = PBXBuildFile; fileRef = ECE49EDB251624C50023FB2F /* NewsPhotoCell.swift */; };
		ECEAFBE4249E85D30080775A /* FriendsController.swift in Sources */ = {isa = PBXBuildFile; fileRef = ECEAFBE3249E85D30080775A /* FriendsController.swift */; };
		ECEAFBE6249E869E0080775A /* FriendsCell.swift in Sources */ = {isa = PBXBuildFile; fileRef = ECEAFBE5249E869E0080775A /* FriendsCell.swift */; };
		ECEAFBEB249E92800080775A /* PhotosController.swift in Sources */ = {isa = PBXBuildFile; fileRef = ECEAFBEA249E92800080775A /* PhotosController.swift */; };
		ECEAFBED249E92B00080775A /* PhotosCell.swift in Sources */ = {isa = PBXBuildFile; fileRef = ECEAFBEC249E92B00080775A /* PhotosCell.swift */; };
		ECEAFBEF249E9FF80080775A /* Group.swift in Sources */ = {isa = PBXBuildFile; fileRef = ECEAFBEE249E9FF80080775A /* Group.swift */; };
		FE78C2079523B10F8D036FB6 /* Pods_ForVK.framework in Frameworks */ = {isa = PBXBuildFile; fileRef = 834E0BB8312F6A91C5641554 /* Pods_ForVK.framework */; };
/* End PBXBuildFile section */

/* Begin PBXFileReference section */
		1D12C431EE7845A9249090A6 /* Pods-ForVK.release.xcconfig */ = {isa = PBXFileReference; includeInIndex = 1; lastKnownFileType = text.xcconfig; name = "Pods-ForVK.release.xcconfig"; path = "Target Support Files/Pods-ForVK/Pods-ForVK.release.xcconfig"; sourceTree = "<group>"; };
		834E0BB8312F6A91C5641554 /* Pods_ForVK.framework */ = {isa = PBXFileReference; explicitFileType = wrapper.framework; includeInIndex = 0; path = Pods_ForVK.framework; sourceTree = BUILT_PRODUCTS_DIR; };
		DDC23DA8AEA73C00F3B47992 /* Pods-ForVK.debug.xcconfig */ = {isa = PBXFileReference; includeInIndex = 1; lastKnownFileType = text.xcconfig; name = "Pods-ForVK.debug.xcconfig"; path = "Target Support Files/Pods-ForVK/Pods-ForVK.debug.xcconfig"; sourceTree = "<group>"; };
		EC0B93682527157900DFB162 /* VKParsingHelper.swift */ = {isa = PBXFileReference; lastKnownFileType = sourcecode.swift; path = VKParsingHelper.swift; sourceTree = "<group>"; };
		EC23F5FE24A8A7A9000E1DDF /* likeControl.swift */ = {isa = PBXFileReference; lastKnownFileType = sourcecode.swift; path = likeControl.swift; sourceTree = "<group>"; };
		EC28D87F2499105D0027AB6C /* ForVK.app */ = {isa = PBXFileReference; explicitFileType = wrapper.application; includeInIndex = 0; path = ForVK.app; sourceTree = BUILT_PRODUCTS_DIR; };
		EC28D8822499105D0027AB6C /* AppDelegate.swift */ = {isa = PBXFileReference; lastKnownFileType = sourcecode.swift; path = AppDelegate.swift; sourceTree = "<group>"; };
		EC28D8862499105D0027AB6C /* LoginFormController.swift */ = {isa = PBXFileReference; lastKnownFileType = sourcecode.swift; path = LoginFormController.swift; sourceTree = "<group>"; };
		EC28D8892499105D0027AB6C /* Base */ = {isa = PBXFileReference; lastKnownFileType = file.storyboard; name = Base; path = Base.lproj/Main.storyboard; sourceTree = "<group>"; };
		EC28D88B2499105E0027AB6C /* Assets.xcassets */ = {isa = PBXFileReference; lastKnownFileType = folder.assetcatalog; path = Assets.xcassets; sourceTree = "<group>"; };
		EC28D88E2499105E0027AB6C /* Base */ = {isa = PBXFileReference; lastKnownFileType = file.storyboard; name = Base; path = Base.lproj/LaunchScreen.storyboard; sourceTree = "<group>"; };
		EC28D8902499105E0027AB6C /* Info.plist */ = {isa = PBXFileReference; lastKnownFileType = text.plist.xml; path = Info.plist; sourceTree = "<group>"; };
		EC36FB442520AD27003397CD /* ExLoginViewController.swift */ = {isa = PBXFileReference; lastKnownFileType = sourcecode.swift; path = ExLoginViewController.swift; sourceTree = "<group>"; };
		EC36FB492520B63B003397CD /* VKSet.swift */ = {isa = PBXFileReference; lastKnownFileType = sourcecode.swift; path = VKSet.swift; sourceTree = "<group>"; };
		EC4ED84B24A24C59003BE15A /* AvatarView.swift */ = {isa = PBXFileReference; lastKnownFileType = sourcecode.swift; path = AvatarView.swift; sourceTree = "<group>"; };
		EC56272E251BCA7F00E87F24 /* Session.swift */ = {isa = PBXFileReference; lastKnownFileType = sourcecode.swift; path = Session.swift; sourceTree = "<group>"; };
		EC5A578E249EA1C900DB032E /* UserGroupsController.swift */ = {isa = PBXFileReference; lastKnownFileType = sourcecode.swift; path = UserGroupsController.swift; sourceTree = "<group>"; };
		EC5A5790249EA21F00DB032E /* GroupsCell.swift */ = {isa = PBXFileReference; lastKnownFileType = sourcecode.swift; path = GroupsCell.swift; sourceTree = "<group>"; };
		EC5A5792249EA4A600DB032E /* AllGroupController.swift */ = {isa = PBXFileReference; lastKnownFileType = sourcecode.swift; path = AllGroupController.swift; sourceTree = "<group>"; };
		EC71DB052529E35D00937F03 /* CoreDataModel.xcdatamodel */ = {isa = PBXFileReference; lastKnownFileType = wrapper.xcdatamodel; path = CoreDataModel.xcdatamodel; sourceTree = "<group>"; };
		EC71DB092529E39300937F03 /* CoreData.swift */ = {isa = PBXFileReference; lastKnownFileType = sourcecode.swift; path = CoreData.swift; sourceTree = "<group>"; };
		EC71DB2F2529EA6B00937F03 /* User+CoreDataClass.swift */ = {isa = PBXFileReference; lastKnownFileType = sourcecode.swift; path = "User+CoreDataClass.swift"; sourceTree = "<group>"; };
		EC71DB302529EA6B00937F03 /* User+CoreDataProperties.swift */ = {isa = PBXFileReference; lastKnownFileType = sourcecode.swift; path = "User+CoreDataProperties.swift"; sourceTree = "<group>"; };
		EC71DB312529EA6B00937F03 /* Group+CoreDataClass.swift */ = {isa = PBXFileReference; lastKnownFileType = sourcecode.swift; path = "Group+CoreDataClass.swift"; sourceTree = "<group>"; };
		EC71DB322529EA6B00937F03 /* Group+CoreDataProperties.swift */ = {isa = PBXFileReference; lastKnownFileType = sourcecode.swift; path = "Group+CoreDataProperties.swift"; sourceTree = "<group>"; };
		EC71DB332529EA6B00937F03 /* Photo+CoreDataClass.swift */ = {isa = PBXFileReference; lastKnownFileType = sourcecode.swift; path = "Photo+CoreDataClass.swift"; sourceTree = "<group>"; };
		EC71DB342529EA6B00937F03 /* Photo+CoreDataProperties.swift */ = {isa = PBXFileReference; lastKnownFileType = sourcecode.swift; path = "Photo+CoreDataProperties.swift"; sourceTree = "<group>"; };
		EC71DB3D2529F15100937F03 /* CDUserService.swift */ = {isa = PBXFileReference; lastKnownFileType = sourcecode.swift; path = CDUserService.swift; sourceTree = "<group>"; };
		EC71DB40252A16F200937F03 /* CDGroupService.swift */ = {isa = PBXFileReference; lastKnownFileType = sourcecode.swift; path = CDGroupService.swift; sourceTree = "<group>"; };
		EC75C1C12520CB4F00E59611 /* Setting.swift */ = {isa = PBXFileReference; lastKnownFileType = sourcecode.swift; path = Setting.swift; sourceTree = "<group>"; };
		EC88E09825370A9400A6F609 /* RealmSetting.swift */ = {isa = PBXFileReference; lastKnownFileType = sourcecode.swift; path = RealmSetting.swift; sourceTree = "<group>"; };
		EC9C688F252CC9890013AA68 /* Photo.swift */ = {isa = PBXFileReference; lastKnownFileType = sourcecode.swift; path = Photo.swift; sourceTree = "<group>"; };
		ECA4C9BD2652CA64004FA05F /* ViewController.swift */ = {isa = PBXFileReference; lastKnownFileType = sourcecode.swift; path = ViewController.swift; sourceTree = "<group>"; };
		ECA6D8942555A06D00B09BB7 /* SourseData.swift */ = {isa = PBXFileReference; lastKnownFileType = sourcecode.swift; path = SourseData.swift; sourceTree = "<group>"; };
		ECB32F6C2552DDA50084CE57 /* NewsService.swift */ = {isa = PBXFileReference; lastKnownFileType = sourcecode.swift; path = NewsService.swift; sourceTree = "<group>"; };
		ECB56A9D25518F99005F7548 /* NewsPostCell.swift */ = {isa = PBXFileReference; lastKnownFileType = sourcecode.swift; path = NewsPostCell.swift; sourceTree = "<group>"; };
		ECB56AA025519172005F7548 /* PhotoNews.swift */ = {isa = PBXFileReference; lastKnownFileType = sourcecode.swift; path = PhotoNews.swift; sourceTree = "<group>"; };
		ECB56AA325519529005F7548 /* PostNews.swift */ = {isa = PBXFileReference; lastKnownFileType = sourcecode.swift; path = PostNews.swift; sourceTree = "<group>"; };
		ECB63A2425332C6A00C4A742 /* RUser.swift */ = {isa = PBXFileReference; lastKnownFileType = sourcecode.swift; path = RUser.swift; sourceTree = "<group>"; };
		ECB63A272533351500C4A742 /* RUserService.swift */ = {isa = PBXFileReference; lastKnownFileType = sourcecode.swift; path = RUserService.swift; sourceTree = "<group>"; };
		ECB63A2A2533353900C4A742 /* DBServiceInterface.swift */ = {isa = PBXFileReference; lastKnownFileType = sourcecode.swift; path = DBServiceInterface.swift; sourceTree = "<group>"; };
		ECB63A2E2533404500C4A742 /* RGroup.swift */ = {isa = PBXFileReference; lastKnownFileType = sourcecode.swift; path = RGroup.swift; sourceTree = "<group>"; };
		ECB63A322533473300C4A742 /* RGroupService.swift */ = {isa = PBXFileReference; lastKnownFileType = sourcecode.swift; path = RGroupService.swift; sourceTree = "<group>"; };
		ECB63A37253362DF00C4A742 /* RPhoto.swift */ = {isa = PBXFileReference; lastKnownFileType = sourcecode.swift; path = RPhoto.swift; sourceTree = "<group>"; };
		ECB63A3A2533639200C4A742 /* RPhotoService.swift */ = {isa = PBXFileReference; lastKnownFileType = sourcecode.swift; path = RPhotoService.swift; sourceTree = "<group>"; };
		ECBA00E12522080100F24F3A /* LoginService.swift */ = {isa = PBXFileReference; lastKnownFileType = sourcecode.swift; path = LoginService.swift; sourceTree = "<group>"; };
		ECBA00E525220EBE00F24F3A /* FriendService.swift */ = {isa = PBXFileReference; lastKnownFileType = sourcecode.swift; path = FriendService.swift; sourceTree = "<group>"; };
		ECBA00EA2522100900F24F3A /* PhotoService.swift */ = {isa = PBXFileReference; lastKnownFileType = sourcecode.swift; path = PhotoService.swift; sourceTree = "<group>"; };
		ECBA00EE252210C400F24F3A /* GroupService.swift */ = {isa = PBXFileReference; lastKnownFileType = sourcecode.swift; path = GroupService.swift; sourceTree = "<group>"; };
		ECD3461E2524C8CE0080259C /* ExUIImage.swift */ = {isa = PBXFileReference; lastKnownFileType = sourcecode.swift; path = ExUIImage.swift; sourceTree = "<group>"; };
		ECE49ED0251603B40023FB2F /* News.swift */ = {isa = PBXFileReference; lastKnownFileType = sourcecode.swift; path = News.swift; sourceTree = "<group>"; };
		ECE49ED2251607390023FB2F /* LoremExtension.swift */ = {isa = PBXFileReference; lastKnownFileType = sourcecode.swift; path = LoremExtension.swift; sourceTree = "<group>"; };
		ECE49ED4251607A30023FB2F /* Lorem.swift */ = {isa = PBXFileReference; lastKnownFileType = sourcecode.swift; path = Lorem.swift; sourceTree = "<group>"; };
		ECE49ED62516136C0023FB2F /* User.swift */ = {isa = PBXFileReference; lastKnownFileType = sourcecode.swift; path = User.swift; sourceTree = "<group>"; };
		ECE49ED9251624A50023FB2F /* NewsViewController.swift */ = {isa = PBXFileReference; lastKnownFileType = sourcecode.swift; path = NewsViewController.swift; sourceTree = "<group>"; };
		ECE49EDB251624C50023FB2F /* NewsPhotoCell.swift */ = {isa = PBXFileReference; lastKnownFileType = sourcecode.swift; path = NewsPhotoCell.swift; sourceTree = "<group>"; };
		ECEAFBE3249E85D30080775A /* FriendsController.swift */ = {isa = PBXFileReference; lastKnownFileType = sourcecode.swift; path = FriendsController.swift; sourceTree = "<group>"; };
		ECEAFBE5249E869E0080775A /* FriendsCell.swift */ = {isa = PBXFileReference; lastKnownFileType = sourcecode.swift; path = FriendsCell.swift; sourceTree = "<group>"; };
		ECEAFBEA249E92800080775A /* PhotosController.swift */ = {isa = PBXFileReference; lastKnownFileType = sourcecode.swift; path = PhotosController.swift; sourceTree = "<group>"; };
		ECEAFBEC249E92B00080775A /* PhotosCell.swift */ = {isa = PBXFileReference; lastKnownFileType = sourcecode.swift; path = PhotosCell.swift; sourceTree = "<group>"; };
		ECEAFBEE249E9FF80080775A /* Group.swift */ = {isa = PBXFileReference; lastKnownFileType = sourcecode.swift; path = Group.swift; sourceTree = "<group>"; };
/* End PBXFileReference section */

/* Begin PBXFrameworksBuildPhase section */
		EC28D87C2499105D0027AB6C /* Frameworks */ = {
			isa = PBXFrameworksBuildPhase;
			buildActionMask = 2147483647;
			files = (
				FE78C2079523B10F8D036FB6 /* Pods_ForVK.framework in Frameworks */,
			);
			runOnlyForDeploymentPostprocessing = 0;
		};
/* End PBXFrameworksBuildPhase section */

/* Begin PBXGroup section */
		0E425FDC6B0D8A0EC709BC58 /* Pods */ = {
			isa = PBXGroup;
			children = (
				DDC23DA8AEA73C00F3B47992 /* Pods-ForVK.debug.xcconfig */,
				1D12C431EE7845A9249090A6 /* Pods-ForVK.release.xcconfig */,
			);
			path = Pods;
			sourceTree = "<group>";
		};
		848F294FE1A1BBEDDE5CF6E4 /* Frameworks */ = {
			isa = PBXGroup;
			children = (
				834E0BB8312F6A91C5641554 /* Pods_ForVK.framework */,
			);
			name = Frameworks;
			sourceTree = "<group>";
		};
		EC28D8762499105D0027AB6C = {
			isa = PBXGroup;
			children = (
				EC28D8812499105D0027AB6C /* ForVK */,
				EC28D8802499105D0027AB6C /* Products */,
				0E425FDC6B0D8A0EC709BC58 /* Pods */,
				848F294FE1A1BBEDDE5CF6E4 /* Frameworks */,
			);
			sourceTree = "<group>";
		};
		EC28D8802499105D0027AB6C /* Products */ = {
			isa = PBXGroup;
			children = (
				EC28D87F2499105D0027AB6C /* ForVK.app */,
			);
			name = Products;
			sourceTree = "<group>";
		};
		EC28D8812499105D0027AB6C /* ForVK */ = {
			isa = PBXGroup;
			children = (
				ECB63A2025332A7B00C4A742 /* DB */,
				ECB853632525CF490084996E /* VKApiHelper */,
				ECBA00DF2522077400F24F3A /* Login */,
				EC36FB432520AD0B003397CD /* Extention */,
				ECE49ED8251624680023FB2F /* News */,
				ECE49EC9251600BE0023FB2F /* Helper */,
				EC4D14A624CEF359005081A1 /* Session */,
				EC4ED84A24A24C26003BE15A /* CustomView */,
				ECEAFBF0249EA0FF0080775A /* Groups */,
				ECEAFBE7249E92240080775A /* Photos */,
				ECEAFBE0249E7B740080775A /* Friends */,
				ECEAFBDD249E78FF0080775A /* Model */,
				EC28D8822499105D0027AB6C /* AppDelegate.swift */,
				EC28D8882499105D0027AB6C /* Main.storyboard */,
				EC28D88B2499105E0027AB6C /* Assets.xcassets */,
				EC28D88D2499105E0027AB6C /* LaunchScreen.storyboard */,
				EC28D8902499105E0027AB6C /* Info.plist */,
				EC75C1C12520CB4F00E59611 /* Setting.swift */,
				EC71DB042529E35D00937F03 /* CoreDataModel.xcdatamodeld */,
				ECA4C9BD2652CA64004FA05F /* ViewController.swift */,
			);
			path = ForVK;
			sourceTree = "<group>";
		};
		EC36FB432520AD0B003397CD /* Extention */ = {
			isa = PBXGroup;
			children = (
				EC36FB442520AD27003397CD /* ExLoginViewController.swift */,
				ECD3461E2524C8CE0080259C /* ExUIImage.swift */,
			);
			path = Extention;
			sourceTree = "<group>";
		};
		EC4D14A624CEF359005081A1 /* Session */ = {
			isa = PBXGroup;
			children = (
				EC56272E251BCA7F00E87F24 /* Session.swift */,
			);
			path = Session;
			sourceTree = "<group>";
		};
		EC4ED84A24A24C26003BE15A /* CustomView */ = {
			isa = PBXGroup;
			children = (
				EC4ED84B24A24C59003BE15A /* AvatarView.swift */,
				EC23F5FE24A8A7A9000E1DDF /* likeControl.swift */,
			);
			path = CustomView;
			sourceTree = "<group>";
		};
		EC71DB082529E36D00937F03 /* CoreData */ = {
			isa = PBXGroup;
			children = (
				EC71DB202529E8EB00937F03 /* Group */,
				EC71DB1F2529E8DE00937F03 /* User */,
				EC71DB212529E99400937F03 /* Photo */,
				EC71DB092529E39300937F03 /* CoreData.swift */,
			);
			path = CoreData;
			sourceTree = "<group>";
		};
		EC71DB1F2529E8DE00937F03 /* User */ = {
			isa = PBXGroup;
			children = (
				EC71DB2F2529EA6B00937F03 /* User+CoreDataClass.swift */,
				EC71DB302529EA6B00937F03 /* User+CoreDataProperties.swift */,
				EC71DB3D2529F15100937F03 /* CDUserService.swift */,
			);
			path = User;
			sourceTree = "<group>";
		};
		EC71DB202529E8EB00937F03 /* Group */ = {
			isa = PBXGroup;
			children = (
				EC71DB312529EA6B00937F03 /* Group+CoreDataClass.swift */,
				EC71DB322529EA6B00937F03 /* Group+CoreDataProperties.swift */,
				EC71DB40252A16F200937F03 /* CDGroupService.swift */,
			);
			path = Group;
			sourceTree = "<group>";
		};
		EC71DB212529E99400937F03 /* Photo */ = {
			isa = PBXGroup;
			children = (
				EC71DB332529EA6B00937F03 /* Photo+CoreDataClass.swift */,
				EC71DB342529EA6B00937F03 /* Photo+CoreDataProperties.swift */,
			);
			path = Photo;
			sourceTree = "<group>";
		};
		ECB63A2025332A7B00C4A742 /* DB */ = {
			isa = PBXGroup;
			children = (
				ECB63A2225332A9800C4A742 /* Realm */,
				EC71DB082529E36D00937F03 /* CoreData */,
				ECB63A2A2533353900C4A742 /* DBServiceInterface.swift */,
			);
			path = DB;
			sourceTree = "<group>";
		};
		ECB63A2225332A9800C4A742 /* Realm */ = {
			isa = PBXGroup;
			children = (
				EC88E09825370A9400A6F609 /* RealmSetting.swift */,
				ECB63A36253362D000C4A742 /* Photo */,
				ECB63A2D2533403800C4A742 /* Group */,
				ECB63A2325332C4B00C4A742 /* User */,
			);
			path = Realm;
			sourceTree = "<group>";
		};
		ECB63A2325332C4B00C4A742 /* User */ = {
			isa = PBXGroup;
			children = (
				ECB63A2425332C6A00C4A742 /* RUser.swift */,
				ECB63A272533351500C4A742 /* RUserService.swift */,
			);
			path = User;
			sourceTree = "<group>";
		};
		ECB63A2D2533403800C4A742 /* Group */ = {
			isa = PBXGroup;
			children = (
				ECB63A2E2533404500C4A742 /* RGroup.swift */,
				ECB63A322533473300C4A742 /* RGroupService.swift */,
			);
			path = Group;
			sourceTree = "<group>";
		};
		ECB63A36253362D000C4A742 /* Photo */ = {
			isa = PBXGroup;
			children = (
				ECB63A37253362DF00C4A742 /* RPhoto.swift */,
				ECB63A3A2533639200C4A742 /* RPhotoService.swift */,
			);
			path = Photo;
			sourceTree = "<group>";
		};
		ECB853632525CF490084996E /* VKApiHelper */ = {
			isa = PBXGroup;
			children = (
				EC36FB492520B63B003397CD /* VKSet.swift */,
				EC0B93682527157900DFB162 /* VKParsingHelper.swift */,
			);
			path = VKApiHelper;
			sourceTree = "<group>";
		};
		ECBA00DF2522077400F24F3A /* Login */ = {
			isa = PBXGroup;
			children = (
				EC28D8862499105D0027AB6C /* LoginFormController.swift */,
				ECBA00E12522080100F24F3A /* LoginService.swift */,
			);
			path = Login;
			sourceTree = "<group>";
		};
		ECE49EC9251600BE0023FB2F /* Helper */ = {
			isa = PBXGroup;
			children = (
				ECE49ED2251607390023FB2F /* LoremExtension.swift */,
				ECE49ED4251607A30023FB2F /* Lorem.swift */,
			);
			path = Helper;
			sourceTree = "<group>";
		};
		ECE49ED8251624680023FB2F /* News */ = {
			isa = PBXGroup;
			children = (
				ECE49ED9251624A50023FB2F /* NewsViewController.swift */,
				ECE49EDB251624C50023FB2F /* NewsPhotoCell.swift */,
				ECB56A9D25518F99005F7548 /* NewsPostCell.swift */,
				ECB32F6C2552DDA50084CE57 /* NewsService.swift */,
			);
			path = News;
			sourceTree = "<group>";
		};
		ECEAFBDD249E78FF0080775A /* Model */ = {
			isa = PBXGroup;
			children = (
				ECA6D8942555A06D00B09BB7 /* SourseData.swift */,
				ECEAFBEE249E9FF80080775A /* Group.swift */,
				ECE49ED0251603B40023FB2F /* News.swift */,
				ECE49ED62516136C0023FB2F /* User.swift */,
				EC9C688F252CC9890013AA68 /* Photo.swift */,
				ECB56AA025519172005F7548 /* PhotoNews.swift */,
				ECB56AA325519529005F7548 /* PostNews.swift */,
			);
			path = Model;
			sourceTree = "<group>";
		};
		ECEAFBE0249E7B740080775A /* Friends */ = {
			isa = PBXGroup;
			children = (
				ECEAFBE3249E85D30080775A /* FriendsController.swift */,
				ECEAFBE5249E869E0080775A /* FriendsCell.swift */,
				ECBA00E525220EBE00F24F3A /* FriendService.swift */,
			);
			path = Friends;
			sourceTree = "<group>";
		};
		ECEAFBE7249E92240080775A /* Photos */ = {
			isa = PBXGroup;
			children = (
				ECBA00EA2522100900F24F3A /* PhotoService.swift */,
				ECEAFBEA249E92800080775A /* PhotosController.swift */,
				ECEAFBEC249E92B00080775A /* PhotosCell.swift */,
			);
			path = Photos;
			sourceTree = "<group>";
		};
		ECEAFBF0249EA0FF0080775A /* Groups */ = {
			isa = PBXGroup;
			children = (
				EC5A578E249EA1C900DB032E /* UserGroupsController.swift */,
				EC5A5790249EA21F00DB032E /* GroupsCell.swift */,
				EC5A5792249EA4A600DB032E /* AllGroupController.swift */,
				ECBA00EE252210C400F24F3A /* GroupService.swift */,
			);
			path = Groups;
			sourceTree = "<group>";
		};
/* End PBXGroup section */

/* Begin PBXNativeTarget section */
		EC28D87E2499105D0027AB6C /* ForVK */ = {
			isa = PBXNativeTarget;
			buildConfigurationList = EC28D8932499105E0027AB6C /* Build configuration list for PBXNativeTarget "ForVK" */;
			buildPhases = (
				A4E4EE8F62626CC0100A267B /* [CP] Check Pods Manifest.lock */,
				EC28D87B2499105D0027AB6C /* Sources */,
				EC28D87C2499105D0027AB6C /* Frameworks */,
				EC28D87D2499105D0027AB6C /* Resources */,
				673623FAC434EC48389E3E0E /* [CP] Embed Pods Frameworks */,
			);
			buildRules = (
			);
			dependencies = (
			);
			name = ForVK;
			productName = ForVK;
			productReference = EC28D87F2499105D0027AB6C /* ForVK.app */;
			productType = "com.apple.product-type.application";
		};
/* End PBXNativeTarget section */

/* Begin PBXProject section */
		EC28D8772499105D0027AB6C /* Project object */ = {
			isa = PBXProject;
			attributes = {
				LastSwiftUpdateCheck = 1150;
				LastUpgradeCheck = 1250;
				ORGANIZATIONNAME = "Илья Ишунин";
				TargetAttributes = {
					EC28D87E2499105D0027AB6C = {
						CreatedOnToolsVersion = 11.5;
						LastSwiftMigration = 1250;
					};
				};
			};
			buildConfigurationList = EC28D87A2499105D0027AB6C /* Build configuration list for PBXProject "ForVK" */;
			compatibilityVersion = "Xcode 9.3";
			developmentRegion = en;
			hasScannedForEncodings = 0;
			knownRegions = (
				en,
				Base,
			);
			mainGroup = EC28D8762499105D0027AB6C;
			productRefGroup = EC28D8802499105D0027AB6C /* Products */;
			projectDirPath = "";
			projectRoot = "";
			targets = (
				EC28D87E2499105D0027AB6C /* ForVK */,
			);
		};
/* End PBXProject section */

/* Begin PBXResourcesBuildPhase section */
		EC28D87D2499105D0027AB6C /* Resources */ = {
			isa = PBXResourcesBuildPhase;
			buildActionMask = 2147483647;
			files = (
				EC28D88F2499105E0027AB6C /* LaunchScreen.storyboard in Resources */,
				EC28D88C2499105E0027AB6C /* Assets.xcassets in Resources */,
				EC28D88A2499105D0027AB6C /* Main.storyboard in Resources */,
			);
			runOnlyForDeploymentPostprocessing = 0;
		};
/* End PBXResourcesBuildPhase section */

/* Begin PBXShellScriptBuildPhase section */
		673623FAC434EC48389E3E0E /* [CP] Embed Pods Frameworks */ = {
			isa = PBXShellScriptBuildPhase;
			buildActionMask = 2147483647;
			files = (
			);
			inputFileListPaths = (
				"${PODS_ROOT}/Target Support Files/Pods-ForVK/Pods-ForVK-frameworks-${CONFIGURATION}-input-files.xcfilelist",
			);
			name = "[CP] Embed Pods Frameworks";
			outputFileListPaths = (
				"${PODS_ROOT}/Target Support Files/Pods-ForVK/Pods-ForVK-frameworks-${CONFIGURATION}-output-files.xcfilelist",
			);
			runOnlyForDeploymentPostprocessing = 0;
			shellPath = /bin/sh;
			shellScript = "\"${PODS_ROOT}/Target Support Files/Pods-ForVK/Pods-ForVK-frameworks.sh\"\n";
			showEnvVarsInLog = 0;
		};
		A4E4EE8F62626CC0100A267B /* [CP] Check Pods Manifest.lock */ = {
			isa = PBXShellScriptBuildPhase;
			buildActionMask = 2147483647;
			files = (
			);
			inputFileListPaths = (
			);
			inputPaths = (
				"${PODS_PODFILE_DIR_PATH}/Podfile.lock",
				"${PODS_ROOT}/Manifest.lock",
			);
			name = "[CP] Check Pods Manifest.lock";
			outputFileListPaths = (
			);
			outputPaths = (
				"$(DERIVED_FILE_DIR)/Pods-ForVK-checkManifestLockResult.txt",
			);
			runOnlyForDeploymentPostprocessing = 0;
			shellPath = /bin/sh;
			shellScript = "diff \"${PODS_PODFILE_DIR_PATH}/Podfile.lock\" \"${PODS_ROOT}/Manifest.lock\" > /dev/null\nif [ $? != 0 ] ; then\n    # print error to STDERR\n    echo \"error: The sandbox is not in sync with the Podfile.lock. Run 'pod install' or update your CocoaPods installation.\" >&2\n    exit 1\nfi\n# This output is used by Xcode 'outputs' to avoid re-running this script phase.\necho \"SUCCESS\" > \"${SCRIPT_OUTPUT_FILE_0}\"\n";
			showEnvVarsInLog = 0;
		};
/* End PBXShellScriptBuildPhase section */

/* Begin PBXSourcesBuildPhase section */
		EC28D87B2499105D0027AB6C /* Sources */ = {
			isa = PBXSourcesBuildPhase;
			buildActionMask = 2147483647;
			files = (
				ECB56A9E25518F99005F7548 /* NewsPostCell.swift in Sources */,
				EC56272F251BCA7F00E87F24 /* Session.swift in Sources */,
				EC71DB062529E35D00937F03 /* CoreDataModel.xcdatamodeld in Sources */,
				ECEAFBEB249E92800080775A /* PhotosController.swift in Sources */,
				ECB63A2B2533353900C4A742 /* DBServiceInterface.swift in Sources */,
				ECBA00E625220EBE00F24F3A /* FriendService.swift in Sources */,
				EC71DB0A2529E39300937F03 /* CoreData.swift in Sources */,
				ECB56AA125519172005F7548 /* PhotoNews.swift in Sources */,
				ECA4C9BE2652CA64004FA05F /* ViewController.swift in Sources */,
				EC4ED84C24A24C59003BE15A /* AvatarView.swift in Sources */,
				EC9C6890252CC9890013AA68 /* Photo.swift in Sources */,
				EC71DB3A2529EA6B00937F03 /* Photo+CoreDataProperties.swift in Sources */,
				ECD3461F2524C8CE0080259C /* ExUIImage.swift in Sources */,
				ECB63A2F2533404500C4A742 /* RGroup.swift in Sources */,
				ECE49ED72516136C0023FB2F /* User.swift in Sources */,
				EC36FB4A2520B63B003397CD /* VKSet.swift in Sources */,
				ECBA00EB2522100900F24F3A /* PhotoService.swift in Sources */,
				EC28D8872499105D0027AB6C /* LoginFormController.swift in Sources */,
				ECB63A3B2533639200C4A742 /* RPhotoService.swift in Sources */,
				ECB32F6D2552DDA50084CE57 /* NewsService.swift in Sources */,
				ECB56AA425519529005F7548 /* PostNews.swift in Sources */,
				EC75C1C22520CB4F00E59611 /* Setting.swift in Sources */,
				EC23F5FF24A8A7A9000E1DDF /* likeControl.swift in Sources */,
				ECB63A2525332C6A00C4A742 /* RUser.swift in Sources */,
				ECBA00EF252210C400F24F3A /* GroupService.swift in Sources */,
				ECB63A282533351500C4A742 /* RUserService.swift in Sources */,
				ECEAFBE6249E869E0080775A /* FriendsCell.swift in Sources */,
				EC71DB392529EA6B00937F03 /* Photo+CoreDataClass.swift in Sources */,
				ECB63A38253362DF00C4A742 /* RPhoto.swift in Sources */,
				ECE49EDA251624A50023FB2F /* NewsViewController.swift in Sources */,
				EC88E09925370A9400A6F609 /* RealmSetting.swift in Sources */,
				EC71DB372529EA6B00937F03 /* Group+CoreDataClass.swift in Sources */,
				EC5A5793249EA4A600DB032E /* AllGroupController.swift in Sources */,
				ECEAFBEF249E9FF80080775A /* Group.swift in Sources */,
				EC71DB3E2529F15100937F03 /* CDUserService.swift in Sources */,
				EC71DB362529EA6B00937F03 /* User+CoreDataProperties.swift in Sources */,
				ECEAFBED249E92B00080775A /* PhotosCell.swift in Sources */,
				EC71DB352529EA6B00937F03 /* User+CoreDataClass.swift in Sources */,
				ECEAFBE4249E85D30080775A /* FriendsController.swift in Sources */,
				ECB63A332533473300C4A742 /* RGroupService.swift in Sources */,
				EC71DB41252A16F200937F03 /* CDGroupService.swift in Sources */,
				ECE49ED5251607A30023FB2F /* Lorem.swift in Sources */,
				EC28D8832499105D0027AB6C /* AppDelegate.swift in Sources */,
				EC71DB382529EA6B00937F03 /* Group+CoreDataProperties.swift in Sources */,
				EC36FB452520AD27003397CD /* ExLoginViewController.swift in Sources */,
				ECE49EDC251624C50023FB2F /* NewsPhotoCell.swift in Sources */,
				EC0B93692527157900DFB162 /* VKParsingHelper.swift in Sources */,
				ECA6D8952555A06D00B09BB7 /* SourseData.swift in Sources */,
				ECE49ED3251607390023FB2F /* LoremExtension.swift in Sources */,
				EC5A5791249EA21F00DB032E /* GroupsCell.swift in Sources */,
				ECBA00E22522080100F24F3A /* LoginService.swift in Sources */,
				ECE49ED1251603B40023FB2F /* News.swift in Sources */,
				EC5A578F249EA1C900DB032E /* UserGroupsController.swift in Sources */,
			);
			runOnlyForDeploymentPostprocessing = 0;
		};
/* End PBXSourcesBuildPhase section */

/* Begin PBXVariantGroup section */
		EC28D8882499105D0027AB6C /* Main.storyboard */ = {
			isa = PBXVariantGroup;
			children = (
				EC28D8892499105D0027AB6C /* Base */,
			);
			name = Main.storyboard;
			sourceTree = "<group>";
		};
		EC28D88D2499105E0027AB6C /* LaunchScreen.storyboard */ = {
			isa = PBXVariantGroup;
			children = (
				EC28D88E2499105E0027AB6C /* Base */,
			);
			name = LaunchScreen.storyboard;
			sourceTree = "<group>";
		};
/* End PBXVariantGroup section */

/* Begin XCBuildConfiguration section */
		EC28D8912499105E0027AB6C /* Debug */ = {
			isa = XCBuildConfiguration;
			buildSettings = {
				ALWAYS_SEARCH_USER_PATHS = NO;
				CLANG_ANALYZER_NONNULL = YES;
				CLANG_ANALYZER_NUMBER_OBJECT_CONVERSION = YES_AGGRESSIVE;
				CLANG_CXX_LANGUAGE_STANDARD = "gnu++14";
				CLANG_CXX_LIBRARY = "libc++";
				CLANG_ENABLE_MODULES = YES;
				CLANG_ENABLE_OBJC_ARC = YES;
				CLANG_ENABLE_OBJC_WEAK = YES;
				CLANG_WARN_BLOCK_CAPTURE_AUTORELEASING = YES;
				CLANG_WARN_BOOL_CONVERSION = YES;
				CLANG_WARN_COMMA = YES;
				CLANG_WARN_CONSTANT_CONVERSION = YES;
				CLANG_WARN_DEPRECATED_OBJC_IMPLEMENTATIONS = YES;
				CLANG_WARN_DIRECT_OBJC_ISA_USAGE = YES_ERROR;
				CLANG_WARN_DOCUMENTATION_COMMENTS = YES;
				CLANG_WARN_EMPTY_BODY = YES;
				CLANG_WARN_ENUM_CONVERSION = YES;
				CLANG_WARN_INFINITE_RECURSION = YES;
				CLANG_WARN_INT_CONVERSION = YES;
				CLANG_WARN_NON_LITERAL_NULL_CONVERSION = YES;
				CLANG_WARN_OBJC_IMPLICIT_RETAIN_SELF = YES;
				CLANG_WARN_OBJC_LITERAL_CONVERSION = YES;
				CLANG_WARN_OBJC_ROOT_CLASS = YES_ERROR;
				CLANG_WARN_QUOTED_INCLUDE_IN_FRAMEWORK_HEADER = YES;
				CLANG_WARN_RANGE_LOOP_ANALYSIS = YES;
				CLANG_WARN_STRICT_PROTOTYPES = YES;
				CLANG_WARN_SUSPICIOUS_MOVE = YES;
				CLANG_WARN_UNGUARDED_AVAILABILITY = YES_AGGRESSIVE;
				CLANG_WARN_UNREACHABLE_CODE = YES;
				CLANG_WARN__DUPLICATE_METHOD_MATCH = YES;
				COPY_PHASE_STRIP = NO;
				DEBUG_INFORMATION_FORMAT = dwarf;
				ENABLE_STRICT_OBJC_MSGSEND = YES;
				ENABLE_TESTABILITY = YES;
				GCC_C_LANGUAGE_STANDARD = gnu11;
				GCC_DYNAMIC_NO_PIC = NO;
				GCC_NO_COMMON_BLOCKS = YES;
				GCC_OPTIMIZATION_LEVEL = 0;
				GCC_PREPROCESSOR_DEFINITIONS = (
					"DEBUG=1",
					"$(inherited)",
				);
				GCC_WARN_64_TO_32_BIT_CONVERSION = YES;
				GCC_WARN_ABOUT_RETURN_TYPE = YES_ERROR;
				GCC_WARN_UNDECLARED_SELECTOR = YES;
				GCC_WARN_UNINITIALIZED_AUTOS = YES_AGGRESSIVE;
				GCC_WARN_UNUSED_FUNCTION = YES;
				GCC_WARN_UNUSED_VARIABLE = YES;
				IPHONEOS_DEPLOYMENT_TARGET = 13.5;
				MTL_ENABLE_DEBUG_INFO = INCLUDE_SOURCE;
				MTL_FAST_MATH = YES;
				ONLY_ACTIVE_ARCH = YES;
				SDKROOT = iphoneos;
				SWIFT_ACTIVE_COMPILATION_CONDITIONS = DEBUG;
				SWIFT_OPTIMIZATION_LEVEL = "-Onone";
			};
			name = Debug;
		};
		EC28D8922499105E0027AB6C /* Release */ = {
			isa = XCBuildConfiguration;
			buildSettings = {
				ALWAYS_SEARCH_USER_PATHS = NO;
				CLANG_ANALYZER_NONNULL = YES;
				CLANG_ANALYZER_NUMBER_OBJECT_CONVERSION = YES_AGGRESSIVE;
				CLANG_CXX_LANGUAGE_STANDARD = "gnu++14";
				CLANG_CXX_LIBRARY = "libc++";
				CLANG_ENABLE_MODULES = YES;
				CLANG_ENABLE_OBJC_ARC = YES;
				CLANG_ENABLE_OBJC_WEAK = YES;
				CLANG_WARN_BLOCK_CAPTURE_AUTORELEASING = YES;
				CLANG_WARN_BOOL_CONVERSION = YES;
				CLANG_WARN_COMMA = YES;
				CLANG_WARN_CONSTANT_CONVERSION = YES;
				CLANG_WARN_DEPRECATED_OBJC_IMPLEMENTATIONS = YES;
				CLANG_WARN_DIRECT_OBJC_ISA_USAGE = YES_ERROR;
				CLANG_WARN_DOCUMENTATION_COMMENTS = YES;
				CLANG_WARN_EMPTY_BODY = YES;
				CLANG_WARN_ENUM_CONVERSION = YES;
				CLANG_WARN_INFINITE_RECURSION = YES;
				CLANG_WARN_INT_CONVERSION = YES;
				CLANG_WARN_NON_LITERAL_NULL_CONVERSION = YES;
				CLANG_WARN_OBJC_IMPLICIT_RETAIN_SELF = YES;
				CLANG_WARN_OBJC_LITERAL_CONVERSION = YES;
				CLANG_WARN_OBJC_ROOT_CLASS = YES_ERROR;
				CLANG_WARN_QUOTED_INCLUDE_IN_FRAMEWORK_HEADER = YES;
				CLANG_WARN_RANGE_LOOP_ANALYSIS = YES;
				CLANG_WARN_STRICT_PROTOTYPES = YES;
				CLANG_WARN_SUSPICIOUS_MOVE = YES;
				CLANG_WARN_UNGUARDED_AVAILABILITY = YES_AGGRESSIVE;
				CLANG_WARN_UNREACHABLE_CODE = YES;
				CLANG_WARN__DUPLICATE_METHOD_MATCH = YES;
				COPY_PHASE_STRIP = NO;
				DEBUG_INFORMATION_FORMAT = "dwarf-with-dsym";
				ENABLE_NS_ASSERTIONS = NO;
				ENABLE_STRICT_OBJC_MSGSEND = YES;
				GCC_C_LANGUAGE_STANDARD = gnu11;
				GCC_NO_COMMON_BLOCKS = YES;
				GCC_WARN_64_TO_32_BIT_CONVERSION = YES;
				GCC_WARN_ABOUT_RETURN_TYPE = YES_ERROR;
				GCC_WARN_UNDECLARED_SELECTOR = YES;
				GCC_WARN_UNINITIALIZED_AUTOS = YES_AGGRESSIVE;
				GCC_WARN_UNUSED_FUNCTION = YES;
				GCC_WARN_UNUSED_VARIABLE = YES;
				IPHONEOS_DEPLOYMENT_TARGET = 13.5;
				MTL_ENABLE_DEBUG_INFO = NO;
				MTL_FAST_MATH = YES;
				SDKROOT = iphoneos;
				SWIFT_COMPILATION_MODE = wholemodule;
				SWIFT_OPTIMIZATION_LEVEL = "-O";
				VALIDATE_PRODUCT = YES;
			};
			name = Release;
		};
		EC28D8942499105E0027AB6C /* Debug */ = {
			isa = XCBuildConfiguration;
			baseConfigurationReference = DDC23DA8AEA73C00F3B47992 /* Pods-ForVK.debug.xcconfig */;
			buildSettings = {
				ASSETCATALOG_COMPILER_APPICON_NAME = AppIcon;
				CLANG_ENABLE_MODULES = YES;
				CODE_SIGN_STYLE = Automatic;
				DEVELOPMENT_TEAM = R95MV6BG28;
				INFOPLIST_FILE = ForVK/Info.plist;
				LD_RUNPATH_SEARCH_PATHS = (
					"$(inherited)",
					"@executable_path/Frameworks",
				);
				PRODUCT_BUNDLE_IDENTIFIER = test.ForVK;
				PRODUCT_NAME = "$(TARGET_NAME)";
				SWIFT_OPTIMIZATION_LEVEL = "-Onone";
				SWIFT_VERSION = 5.0;
				TARGETED_DEVICE_FAMILY = "1,2";
			};
			name = Debug;
		};
		EC28D8952499105E0027AB6C /* Release */ = {
			isa = XCBuildConfiguration;
			baseConfigurationReference = 1D12C431EE7845A9249090A6 /* Pods-ForVK.release.xcconfig */;
			buildSettings = {
				ASSETCATALOG_COMPILER_APPICON_NAME = AppIcon;
				CLANG_ENABLE_MODULES = YES;
				CODE_SIGN_STYLE = Automatic;
				DEVELOPMENT_TEAM = R95MV6BG28;
				INFOPLIST_FILE = ForVK/Info.plist;
				LD_RUNPATH_SEARCH_PATHS = (
					"$(inherited)",
					"@executable_path/Frameworks",
				);
				PRODUCT_BUNDLE_IDENTIFIER = test.ForVK;
				PRODUCT_NAME = "$(TARGET_NAME)";
				SWIFT_VERSION = 5.0;
				TARGETED_DEVICE_FAMILY = "1,2";
			};
			name = Release;
		};
/* End XCBuildConfiguration section */

/* Begin XCConfigurationList section */
		EC28D87A2499105D0027AB6C /* Build configuration list for PBXProject "ForVK" */ = {
			isa = XCConfigurationList;
			buildConfigurations = (
				EC28D8912499105E0027AB6C /* Debug */,
				EC28D8922499105E0027AB6C /* Release */,
			);
			defaultConfigurationIsVisible = 0;
			defaultConfigurationName = Release;
		};
		EC28D8932499105E0027AB6C /* Build configuration list for PBXNativeTarget "ForVK" */ = {
			isa = XCConfigurationList;
			buildConfigurations = (
				EC28D8942499105E0027AB6C /* Debug */,
				EC28D8952499105E0027AB6C /* Release */,
			);
			defaultConfigurationIsVisible = 0;
			defaultConfigurationName = Release;
		};
/* End XCConfigurationList section */

/* Begin XCVersionGroup section */
		EC71DB042529E35D00937F03 /* CoreDataModel.xcdatamodeld */ = {
			isa = XCVersionGroup;
			children = (
				EC71DB052529E35D00937F03 /* CoreDataModel.xcdatamodel */,
			);
			currentVersion = EC71DB052529E35D00937F03 /* CoreDataModel.xcdatamodel */;
			path = CoreDataModel.xcdatamodeld;
			sourceTree = "<group>";
			versionGroupType = wrapper.xcdatamodel;
		};
/* End XCVersionGroup section */
	};
	rootObject = EC28D8772499105D0027AB6C /* Project object */;
}
